
Microsoft Visual Studio Solution File, Format Version 12.00
# Visual Studio Version 16
VisualStudioVersion = 16.0.31005.135
MinimumVisualStudioVersion = 10.0.40219.1
Project("{9A19103F-16F7-4668-BE54-9A1E7A4F7556}") = "MappingToolsWeb", "MappingToolsWeb\MappingToolsWeb.csproj", "{A1B910B2-B32B-4232-9561-4A1E268F0F74}"
EndProject
Project("{9A19103F-16F7-4668-BE54-9A1E7A4F7556}") = "MappingToolsWeb.IndexedDB", "MappingToolsWeb.IndexedDB\MappingToolsWeb.IndexedDB.csproj", "{FC672B11-1D27-4405-9BC4-4329A78F9124}"
EndProject
Project("{FAE04EC0-301F-11D3-BF4B-00C04F79EFBC}") = "MappingToolsWeb.Localization", "Localization1\MappingToolsWeb.Localization.csproj", "{F023416E-1441-43D5-B157-F7A2B1D432CE}"
EndProject
Global
	GlobalSection(SolutionConfigurationPlatforms) = preSolution
		Debug|Any CPU = Debug|Any CPU
		Release|Any CPU = Release|Any CPU
	EndGlobalSection
	GlobalSection(ProjectConfigurationPlatforms) = postSolution
		{A1B910B2-B32B-4232-9561-4A1E268F0F74}.Debug|Any CPU.ActiveCfg = Debug|Any CPU
		{A1B910B2-B32B-4232-9561-4A1E268F0F74}.Debug|Any CPU.Build.0 = Debug|Any CPU
		{A1B910B2-B32B-4232-9561-4A1E268F0F74}.Release|Any CPU.ActiveCfg = Release|Any CPU
		{A1B910B2-B32B-4232-9561-4A1E268F0F74}.Release|Any CPU.Build.0 = Release|Any CPU
		{FC672B11-1D27-4405-9BC4-4329A78F9124}.Debug|Any CPU.ActiveCfg = Debug|Any CPU
		{FC672B11-1D27-4405-9BC4-4329A78F9124}.Debug|Any CPU.Build.0 = Debug|Any CPU
		{FC672B11-1D27-4405-9BC4-4329A78F9124}.Release|Any CPU.ActiveCfg = Release|Any CPU
		{FC672B11-1D27-4405-9BC4-4329A78F9124}.Release|Any CPU.Build.0 = Release|Any CPU
		{F023416E-1441-43D5-B157-F7A2B1D432CE}.Debug|Any CPU.ActiveCfg = Debug|Any CPU
		{F023416E-1441-43D5-B157-F7A2B1D432CE}.Debug|Any CPU.Build.0 = Debug|Any CPU
		{F023416E-1441-43D5-B157-F7A2B1D432CE}.Release|Any CPU.ActiveCfg = Release|Any CPU
		{F023416E-1441-43D5-B157-F7A2B1D432CE}.Release|Any CPU.Build.0 = Release|Any CPU
	EndGlobalSection
	GlobalSection(SolutionProperties) = preSolution
		HideSolutionNode = FALSE
	EndGlobalSection
	GlobalSection(ExtensibilityGlobals) = postSolution
		SolutionGuid = {5CB0EA95-0745-4C48-BC9A-82D173F50E8F}
	EndGlobalSection
EndGlobal
